// !$*UTF8*$!
{
	archiveVersion = 1;
	classes = {
	};
	objectVersion = 46;
	objects = {

/* Begin PBXBuildFile section */
		5F9B5A5A1CB6D607000F3DC4 /* flower.jpg in Resources */ = {isa = PBXBuildFile; fileRef = 5F9B5A591CB6D607000F3DC4 /* flower.jpg */; };
		5F9B5A5D1CB6D8D5000F3DC4 /* flower2.jpg in Resources */ = {isa = PBXBuildFile; fileRef = 5F9B5A5B1CB6D8D5000F3DC4 /* flower2.jpg */; };
		5F9B5A5E1CB6D8D5000F3DC4 /* flower3.jpg in Resources */ = {isa = PBXBuildFile; fileRef = 5F9B5A5C1CB6D8D5000F3DC4 /* flower3.jpg */; };
		5F9B5A601CB6D927000F3DC4 /* flower4.jpg in Resources */ = {isa = PBXBuildFile; fileRef = 5F9B5A5F1CB6D927000F3DC4 /* flower4.jpg */; };
		5F9B5A621CB6D9BA000F3DC4 /* flower5.jpg in Resources */ = {isa = PBXBuildFile; fileRef = 5F9B5A611CB6D9BA000F3DC4 /* flower5.jpg */; };
		5F9B5A651CB6DA5C000F3DC4 /* flower6.jpg in Resources */ = {isa = PBXBuildFile; fileRef = 5F9B5A631CB6DA5C000F3DC4 /* flower6.jpg */; };
		5F9B5A661CB6DA5C000F3DC4 /* flower7.jpg in Resources */ = {isa = PBXBuildFile; fileRef = 5F9B5A641CB6DA5C000F3DC4 /* flower7.jpg */; };
		5F9B5A6A1CB6DC14000F3DC4 /* icon120.png in Resources */ = {isa = PBXBuildFile; fileRef = 5F9B5A691CB6DC14000F3DC4 /* icon120.png */; };
		79F77A451B8700ED009EAE5B /* AppDelegate.swift in Sources */ = {isa = PBXBuildFile; fileRef = 79F77A441B8700ED009EAE5B /* AppDelegate.swift */; };
		79F77A471B8700ED009EAE5B /* ViewController.swift in Sources */ = {isa = PBXBuildFile; fileRef = 79F77A461B8700ED009EAE5B /* ViewController.swift */; };
		79F77A4A1B8700ED009EAE5B /* Main.storyboard in Resources */ = {isa = PBXBuildFile; fileRef = 79F77A481B8700ED009EAE5B /* Main.storyboard */; };
		79F77A4C1B8700ED009EAE5B /* Images.xcassets in Resources */ = {isa = PBXBuildFile; fileRef = 79F77A4B1B8700ED009EAE5B /* Images.xcassets */; };
		79F77A4F1B8700ED009EAE5B /* LaunchScreen.xib in Resources */ = {isa = PBXBuildFile; fileRef = 79F77A4D1B8700ED009EAE5B /* LaunchScreen.xib */; };
		79F77A5B1B8700ED009EAE5B /* ShadowExampleSwiftTests.swift in Sources */ = {isa = PBXBuildFile; fileRef = 79F77A5A1B8700ED009EAE5B /* ShadowExampleSwiftTests.swift */; };
/* End PBXBuildFile section */

/* Begin PBXContainerItemProxy section */
		79F77A551B8700ED009EAE5B /* PBXContainerItemProxy */ = {
			isa = PBXContainerItemProxy;
			containerPortal = 79F77A371B8700ED009EAE5B /* Project object */;
			proxyType = 1;
			remoteGlobalIDString = 79F77A3E1B8700ED009EAE5B;
			remoteInfo = ShadowExampleSwift;
		};
/* End PBXContainerItemProxy section */

/* Begin PBXFileReference section */
		5F9B5A591CB6D607000F3DC4 /* flower.jpg */ = {isa = PBXFileReference; lastKnownFileType = image.jpeg; path = flower.jpg; sourceTree = "<group>"; };
		5F9B5A5B1CB6D8D5000F3DC4 /* flower2.jpg */ = {isa = PBXFileReference; lastKnownFileType = image.jpeg; path = flower2.jpg; sourceTree = "<group>"; };
		5F9B5A5C1CB6D8D5000F3DC4 /* flower3.jpg */ = {isa = PBXFileReference; lastKnownFileType = image.jpeg; path = flower3.jpg; sourceTree = "<group>"; };
		5F9B5A5F1CB6D927000F3DC4 /* flower4.jpg */ = {isa = PBXFileReference; lastKnownFileType = image.jpeg; path = flower4.jpg; sourceTree = "<group>"; };
		5F9B5A611CB6D9BA000F3DC4 /* flower5.jpg */ = {isa = PBXFileReference; lastKnownFileType = image.jpeg; path = flower5.jpg; sourceTree = "<group>"; };
		5F9B5A631CB6DA5C000F3DC4 /* flower6.jpg */ = {isa = PBXFileReference; lastKnownFileType = image.jpeg; path = flower6.jpg; sourceTree = "<group>"; };
		5F9B5A641CB6DA5C000F3DC4 /* flower7.jpg */ = {isa = PBXFileReference; lastKnownFileType = image.jpeg; path = flower7.jpg; sourceTree = "<group>"; };
		5F9B5A691CB6DC14000F3DC4 /* icon120.png */ = {isa = PBXFileReference; lastKnownFileType = image.png; path = icon120.png; sourceTree = "<group>"; };
		79F77A3F1B8700ED009EAE5B /* ShadowExampleSwift.app */ = {isa = PBXFileReference; explicitFileType = wrapper.application; includeInIndex = 0; path = ShadowExampleSwift.app; sourceTree = BUILT_PRODUCTS_DIR; };
		79F77A431B8700ED009EAE5B /* Info.plist */ = {isa = PBXFileReference; lastKnownFileType = text.plist.xml; path = Info.plist; sourceTree = "<group>"; };
		79F77A441B8700ED009EAE5B /* AppDelegate.swift */ = {isa = PBXFileReference; lastKnownFileType = sourcecode.swift; path = AppDelegate.swift; sourceTree = "<group>"; };
		79F77A461B8700ED009EAE5B /* ViewController.swift */ = {isa = PBXFileReference; lastKnownFileType = sourcecode.swift; path = ViewController.swift; sourceTree = "<group>"; };
		79F77A491B8700ED009EAE5B /* Base */ = {isa = PBXFileReference; lastKnownFileType = file.storyboard; name = Base; path = Base.lproj/Main.storyboard; sourceTree = "<group>"; };
		79F77A4B1B8700ED009EAE5B /* Images.xcassets */ = {isa = PBXFileReference; lastKnownFileType = folder.assetcatalog; path = Images.xcassets; sourceTree = "<group>"; };
		79F77A4E1B8700ED009EAE5B /* Base */ = {isa = PBXFileReference; lastKnownFileType = file.xib; name = Base; path = Base.lproj/LaunchScreen.xib; sourceTree = "<group>"; };
		79F77A541B8700ED009EAE5B /* ShadowExampleSwiftTests.xctest */ = {isa = PBXFileReference; explicitFileType = wrapper.cfbundle; includeInIndex = 0; path = ShadowExampleSwiftTests.xctest; sourceTree = BUILT_PRODUCTS_DIR; };
		79F77A591B8700ED009EAE5B /* Info.plist */ = {isa = PBXFileReference; lastKnownFileType = text.plist.xml; path = Info.plist; sourceTree = "<group>"; };
		79F77A5A1B8700ED009EAE5B /* ShadowExampleSwiftTests.swift */ = {isa = PBXFileReference; lastKnownFileType = sourcecode.swift; path = ShadowExampleSwiftTests.swift; sourceTree = "<group>"; };
/* End PBXFileReference section */

/* Begin PBXFrameworksBuildPhase section */
		79F77A3C1B8700ED009EAE5B /* Frameworks */ = {
			isa = PBXFrameworksBuildPhase;
			buildActionMask = 2147483647;
			files = (
			);
			runOnlyForDeploymentPostprocessing = 0;
		};
		79F77A511B8700ED009EAE5B /* Frameworks */ = {
			isa = PBXFrameworksBuildPhase;
			buildActionMask = 2147483647;
			files = (
			);
			runOnlyForDeploymentPostprocessing = 0;
		};
/* End PBXFrameworksBuildPhase section */

/* Begin PBXGroup section */
		79F77A361B8700ED009EAE5B = {
			isa = PBXGroup;
			children = (
				79F77A411B8700ED009EAE5B /* ShadowExampleSwift */,
				79F77A571B8700ED009EAE5B /* ShadowExampleSwiftTests */,
				79F77A401B8700ED009EAE5B /* Products */,
			);
			sourceTree = "<group>";
		};
		79F77A401B8700ED009EAE5B /* Products */ = {
			isa = PBXGroup;
			children = (
				79F77A3F1B8700ED009EAE5B /* ShadowExampleSwift.app */,
				79F77A541B8700ED009EAE5B /* ShadowExampleSwiftTests.xctest */,
			);
			name = Products;
			sourceTree = "<group>";
		};
		79F77A411B8700ED009EAE5B /* ShadowExampleSwift */ = {
			isa = PBXGroup;
			children = (
				79F77A441B8700ED009EAE5B /* AppDelegate.swift */,
				79F77A461B8700ED009EAE5B /* ViewController.swift */,
				79F77A481B8700ED009EAE5B /* Main.storyboard */,
				79F77A4B1B8700ED009EAE5B /* Images.xcassets */,
				79F77A4D1B8700ED009EAE5B /* LaunchScreen.xib */,
				79F77A421B8700ED009EAE5B /* Supporting Files */,
			);
			path = ShadowExampleSwift;
			sourceTree = "<group>";
		};
		79F77A421B8700ED009EAE5B /* Supporting Files */ = {
			isa = PBXGroup;
			children = (
				5F9B5A591CB6D607000F3DC4 /* flower.jpg */,
				5F9B5A5B1CB6D8D5000F3DC4 /* flower2.jpg */,
				5F9B5A5C1CB6D8D5000F3DC4 /* flower3.jpg */,
				5F9B5A5F1CB6D927000F3DC4 /* flower4.jpg */,
				5F9B5A611CB6D9BA000F3DC4 /* flower5.jpg */,
				5F9B5A631CB6DA5C000F3DC4 /* flower6.jpg */,
				5F9B5A641CB6DA5C000F3DC4 /* flower7.jpg */,
				5F9B5A691CB6DC14000F3DC4 /* icon120.png */,
				79F77A431B8700ED009EAE5B /* Info.plist */,
			);
			name = "Supporting Files";
			sourceTree = "<group>";
		};
		79F77A571B8700ED009EAE5B /* ShadowExampleSwiftTests */ = {
			isa = PBXGroup;
			children = (
				79F77A5A1B8700ED009EAE5B /* ShadowExampleSwiftTests.swift */,
				79F77A581B8700ED009EAE5B /* Supporting Files */,
			);
			path = ShadowExampleSwiftTests;
			sourceTree = "<group>";
		};
		79F77A581B8700ED009EAE5B /* Supporting Files */ = {
			isa = PBXGroup;
			children = (
				79F77A591B8700ED009EAE5B /* Info.plist */,
			);
			name = "Supporting Files";
			sourceTree = "<group>";
		};
/* End PBXGroup section */

/* Begin PBXNativeTarget section */
		79F77A3E1B8700ED009EAE5B /* ShadowExampleSwift */ = {
			isa = PBXNativeTarget;
			buildConfigurationList = 79F77A5E1B8700ED009EAE5B /* Build configuration list for PBXNativeTarget "ShadowExampleSwift" */;
			buildPhases = (
				79F77A3B1B8700ED009EAE5B /* Sources */,
				79F77A3C1B8700ED009EAE5B /* Frameworks */,
				79F77A3D1B8700ED009EAE5B /* Resources */,
			);
			buildRules = (
			);
			dependencies = (
			);
			name = ShadowExampleSwift;
			productName = ShadowExampleSwift;
			productReference = 79F77A3F1B8700ED009EAE5B /* ShadowExampleSwift.app */;
			productType = "com.apple.product-type.application";
		};
		79F77A531B8700ED009EAE5B /* ShadowExampleSwiftTests */ = {
			isa = PBXNativeTarget;
			buildConfigurationList = 79F77A611B8700ED009EAE5B /* Build configuration list for PBXNativeTarget "ShadowExampleSwiftTests" */;
			buildPhases = (
				79F77A501B8700ED009EAE5B /* Sources */,
				79F77A511B8700ED009EAE5B /* Frameworks */,
				79F77A521B8700ED009EAE5B /* Resources */,
			);
			buildRules = (
			);
			dependencies = (
				79F77A561B8700ED009EAE5B /* PBXTargetDependency */,
			);
			name = ShadowExampleSwiftTests;
			productName = ShadowExampleSwiftTests;
			productReference = 79F77A541B8700ED009EAE5B /* ShadowExampleSwiftTests.xctest */;
			productType = "com.apple.product-type.bundle.unit-test";
		};
/* End PBXNativeTarget section */

/* Begin PBXProject section */
		79F77A371B8700ED009EAE5B /* Project object */ = {
			isa = PBXProject;
			attributes = {
				LastSwiftMigration = 0730;
				LastSwiftUpdateCheck = 0730;
				LastUpgradeCheck = 0730;
				ORGANIZATIONNAME = "Innofied Solutions Pvt. Ltd.";
				TargetAttributes = {
					79F77A3E1B8700ED009EAE5B = {
						CreatedOnToolsVersion = 6.4;
						DevelopmentTeam = 83R86539GB;
					};
					79F77A531B8700ED009EAE5B = {
						CreatedOnToolsVersion = 6.4;
						TestTargetID = 79F77A3E1B8700ED009EAE5B;
					};
				};
			};
			buildConfigurationList = 79F77A3A1B8700ED009EAE5B /* Build configuration list for PBXProject "ShadowExampleSwift" */;
			compatibilityVersion = "Xcode 3.2";
			developmentRegion = English;
			hasScannedForEncodings = 0;
			knownRegions = (
				en,
				Base,
			);
			mainGroup = 79F77A361B8700ED009EAE5B;
			productRefGroup = 79F77A401B8700ED009EAE5B /* Products */;
			projectDirPath = "";
			projectRoot = "";
			targets = (
				79F77A3E1B8700ED009EAE5B /* ShadowExampleSwift */,
				79F77A531B8700ED009EAE5B /* ShadowExampleSwiftTests */,
			);
		};
/* End PBXProject section */

/* Begin PBXResourcesBuildPhase section */
		79F77A3D1B8700ED009EAE5B /* Resources */ = {
			isa = PBXResourcesBuildPhase;
			buildActionMask = 2147483647;
			files = (
				5F9B5A661CB6DA5C000F3DC4 /* flower7.jpg in Resources */,
				5F9B5A5E1CB6D8D5000F3DC4 /* flower3.jpg in Resources */,
				5F9B5A601CB6D927000F3DC4 /* flower4.jpg in Resources */,
				5F9B5A5D1CB6D8D5000F3DC4 /* flower2.jpg in Resources */,
				5F9B5A651CB6DA5C000F3DC4 /* flower6.jpg in Resources */,
				79F77A4A1B8700ED009EAE5B /* Main.storyboard in Resources */,
				79F77A4F1B8700ED009EAE5B /* LaunchScreen.xib in Resources */,
				5F9B5A6A1CB6DC14000F3DC4 /* icon120.png in Resources */,
				79F77A4C1B8700ED009EAE5B /* Images.xcassets in Resources */,
				5F9B5A621CB6D9BA000F3DC4 /* flower5.jpg in Resources */,
				5F9B5A5A1CB6D607000F3DC4 /* flower.jpg in Resources */,
			);
			runOnlyForDeploymentPostprocessing = 0;
		};
		79F77A521B8700ED009EAE5B /* Resources */ = {
			isa = PBXResourcesBuildPhase;
			buildActionMask = 2147483647;
			files = (
			);
			runOnlyForDeploymentPostprocessing = 0;
		};
/* End PBXResourcesBuildPhase section */

/* Begin PBXSourcesBuildPhase section */
		79F77A3B1B8700ED009EAE5B /* Sources */ = {
			isa = PBXSourcesBuildPhase;
			buildActionMask = 2147483647;
			files = (
				79F77A471B8700ED009EAE5B /* ViewController.swift in Sources */,
				79F77A451B8700ED009EAE5B /* AppDelegate.swift in Sources */,
			);
			runOnlyForDeploymentPostprocessing = 0;
		};
		79F77A501B8700ED009EAE5B /* Sources */ = {
			isa = PBXSourcesBuildPhase;
			buildActionMask = 2147483647;
			files = (
				79F77A5B1B8700ED009EAE5B /* ShadowExampleSwiftTests.swift in Sources */,
			);
			runOnlyForDeploymentPostprocessing = 0;
		};
/* End PBXSourcesBuildPhase section */

/* Begin PBXTargetDependency section */
		79F77A561B8700ED009EAE5B /* PBXTargetDependency */ = {
			isa = PBXTargetDependency;
			target = 79F77A3E1B8700ED009EAE5B /* ShadowExampleSwift */;
			targetProxy = 79F77A551B8700ED009EAE5B /* PBXContainerItemProxy */;
		};
/* End PBXTargetDependency section */

/* Begin PBXVariantGroup section */
		79F77A481B8700ED009EAE5B /* Main.storyboard */ = {
			isa = PBXVariantGroup;
			children = (
				79F77A491B8700ED009EAE5B /* Base */,
			);
			name = Main.storyboard;
			sourceTree = "<group>";
		};
		79F77A4D1B8700ED009EAE5B /* LaunchScreen.xib */ = {
			isa = PBXVariantGroup;
			children = (
				79F77A4E1B8700ED009EAE5B /* Base */,
			);
			name = LaunchScreen.xib;
			sourceTree = "<group>";
		};
/* End PBXVariantGroup section */

/* Begin XCBuildConfiguration section */
		79F77A5C1B8700ED009EAE5B /* Debug */ = {
			isa = XCBuildConfiguration;
			buildSettings = {
				ALWAYS_SEARCH_USER_PATHS = NO;
				CLANG_CXX_LANGUAGE_STANDARD = "gnu++0x";
				CLANG_CXX_LIBRARY = "libc++";
				CLANG_ENABLE_MODULES = YES;
				CLANG_ENABLE_OBJC_ARC = YES;
				CLANG_WARN_BOOL_CONVERSION = YES;
				CLANG_WARN_CONSTANT_CONVERSION = YES;
				CLANG_WARN_DIRECT_OBJC_ISA_USAGE = YES_ERROR;
				CLANG_WARN_EMPTY_BODY = YES;
				CLANG_WARN_ENUM_CONVERSION = YES;
				CLANG_WARN_INT_CONVERSION = YES;
				CLANG_WARN_OBJC_ROOT_CLASS = YES_ERROR;
				CLANG_WARN_UNREACHABLE_CODE = YES;
				CLANG_WARN__DUPLICATE_METHOD_MATCH = YES;
				"CODE_SIGN_IDENTITY[sdk=iphoneos*]" = "iPhone Developer";
				COPY_PHASE_STRIP = NO;
				DEBUG_INFORMATION_FORMAT = "dwarf-with-dsym";
				ENABLE_STRICT_OBJC_MSGSEND = YES;
				ENABLE_TESTABILITY = YES;
				GCC_C_LANGUAGE_STANDARD = gnu99;
				GCC_DYNAMIC_NO_PIC = NO;
				GCC_NO_COMMON_BLOCKS = YES;
				GCC_OPTIMIZATION_LEVEL = 0;
				GCC_PREPROCESSOR_DEFINITIONS = (
					"DEBUG=1",
					"$(inherited)",
				);
				GCC_SYMBOLS_PRIVATE_EXTERN = NO;
				GCC_WARN_64_TO_32_BIT_CONVERSION = YES;
				GCC_WARN_ABOUT_RETURN_TYPE = YES_ERROR;
				GCC_WARN_UNDECLARED_SELECTOR = YES;
				GCC_WARN_UNINITIALIZED_AUTOS = YES_AGGRESSIVE;
				GCC_WARN_UNUSED_FUNCTION = YES;
				GCC_WARN_UNUSED_VARIABLE = YES;
				IPHONEOS_DEPLOYMENT_TARGET = 8.4;
				MTL_ENABLE_DEBUG_INFO = YES;
				ONLY_ACTIVE_ARCH = YES;
				SDKROOT = iphoneos;
				SWIFT_OPTIMIZATION_LEVEL = "-Onone";
			};
			name = Debug;
		};
		79F77A5D1B8700ED009EAE5B /* Release */ = {
			isa = XCBuildConfiguration;
			buildSettings = {
				ALWAYS_SEARCH_USER_PATHS = NO;
				CLANG_CXX_LANGUAGE_STANDARD = "gnu++0x";
				CLANG_CXX_LIBRARY = "libc++";
				CLANG_ENABLE_MODULES = YES;
				CLANG_ENABLE_OBJC_ARC = YES;
				CLANG_WARN_BOOL_CONVERSION = YES;
				CLANG_WARN_CONSTANT_CONVERSION = YES;
				CLANG_WARN_DIRECT_OBJC_ISA_USAGE = YES_ERROR;
				CLANG_WARN_EMPTY_BODY = YES;
				CLANG_WARN_ENUM_CONVERSION = YES;
				CLANG_WARN_INT_CONVERSION = YES;
				CLANG_WARN_OBJC_ROOT_CLASS = YES_ERROR;
				CLANG_WARN_UNREACHABLE_CODE = YES;
				CLANG_WARN__DUPLICATE_METHOD_MATCH = YES;
				"CODE_SIGN_IDENTITY[sdk=iphoneos*]" = "iPhone Developer";
				COPY_PHASE_STRIP = NO;
				DEBUG_INFORMATION_FORMAT = "dwarf-with-dsym";
				ENABLE_NS_ASSERTIONS = NO;
				ENABLE_STRICT_OBJC_MSGSEND = YES;
				GCC_C_LANGUAGE_STANDARD = gnu99;
				GCC_NO_COMMON_BLOCKS = YES;
				GCC_WARN_64_TO_32_BIT_CONVERSION = YES;
				GCC_WARN_ABOUT_RETURN_TYPE = YES_ERROR;
				GCC_WARN_UNDECLARED_SELECTOR = YES;
				GCC_WARN_UNINITIALIZED_AUTOS = YES_AGGRESSIVE;
				GCC_WARN_UNUSED_FUNCTION = YES;
				GCC_WARN_UNUSED_VARIABLE = YES;
				IPHONEOS_DEPLOYMENT_TARGET = 8.4;
				MTL_ENABLE_DEBUG_INFO = NO;
				SDKROOT = iphoneos;
				VALIDATE_PRODUCT = YES;
			};
			name = Release;
		};
		79F77A5F1B8700ED009EAE5B /* Debug */ = {
			isa = XCBuildConfiguration;
			buildSettings = {
				ASSETCATALOG_COMPILER_APPICON_NAME = AppIcon;
				CODE_SIGN_IDENTITY = "iPhone Developer";
				INFOPLIST_FILE = ShadowExampleSwift/Info.plist;
				IPHONEOS_DEPLOYMENT_TARGET = 9.3;
				LD_RUNPATH_SEARCH_PATHS = "$(inherited) @executable_path/Frameworks";
				PRODUCT_BUNDLE_IDENTIFIER = "com.innofied.$(PRODUCT_NAME:rfc1034identifier)";
				PRODUCT_NAME = "$(TARGET_NAME)";
			};
			name = Debug;
		};
		79F77A601B8700ED009EAE5B /* Release */ = {
			isa = XCBuildConfiguration;
			buildSettings = {
				ASSETCATALOG_COMPILER_APPICON_NAME = AppIcon;
				CODE_SIGN_IDENTITY = "iPhone Developer";
				INFOPLIST_FILE = ShadowExampleSwift/Info.plist;
				IPHONEOS_DEPLOYMENT_TARGET = 9.3;
				LD_RUNPATH_SEARCH_PATHS = "$(inherited) @executable_path/Frameworks";
				PRODUCT_BUNDLE_IDENTIFIER = "com.innofied.$(PRODUCT_NAME:rfc1034identifier)";
				PRODUCT_NAME = "$(TARGET_NAME)";
			};
			name = Release;
		};
		79F77A621B8700ED009EAE5B /* Debug */ = {
			isa = XCBuildConfiguration;
			buildSettings = {
				BUNDLE_LOADER = "$(TEST_HOST)";
				FRAMEWORK_SEARCH_PATHS = (
					"$(SDKROOT)/Developer/Library/Frameworks",
					"$(inherited)",
				);
				GCC_PREPROCESSOR_DEFINITIONS = (
					"DEBUG=1",
					"$(inherited)",
				);
				INFOPLIST_FILE = ShadowExampleSwiftTests/Info.plist;
				LD_RUNPATH_SEARCH_PATHS = "$(inherited) @executable_path/Frameworks @loader_path/Frameworks";
				PRODUCT_BUNDLE_IDENTIFIER = "com.innofied.$(PRODUCT_NAME:rfc1034identifier)";
				PRODUCT_NAME = "$(TARGET_NAME)";
				TEST_HOST = "$(BUILT_PRODUCTS_DIR)/ShadowExampleSwift.app/ShadowExampleSwift";
			};
			name = Debug;
		};
		79F77A631B8700ED009EAE5B /* Release */ = {
			isa = XCBuildConfiguration;
			buildSettings = {
				BUNDLE_LOADER = "$(TEST_HOST)";
				FRAMEWORK_SEARCH_PATHS = (
					"$(SDKROOT)/Developer/Library/Frameworks",
					"$(inherited)",
				);
				INFOPLIST_FILE = ShadowExampleSwiftTests/Info.plist;
				LD_RUNPATH_SEARCH_PATHS = "$(inherited) @executable_path/Frameworks @loader_path/Frameworks";
				PRODUCT_BUNDLE_IDENTIFIER = "com.innofied.$(PRODUCT_NAME:rfc1034identifier)";
				PRODUCT_NAME = "$(TARGET_NAME)";
				TEST_HOST = "$(BUILT_PRODUCTS_DIR)/ShadowExampleSwift.app/ShadowExampleSwift";
			};
			name = Release;
		};
/* End XCBuildConfiguration section */

/* Begin XCConfigurationList section */
		79F77A3A1B8700ED009EAE5B /* Build configuration list for PBXProject "ShadowExampleSwift" */ = {
			isa = XCConfigurationList;
			buildConfigurations = (
				79F77A5C1B8700ED009EAE5B /* Debug */,
				79F77A5D1B8700ED009EAE5B /* Release */,
			);
			defaultConfigurationIsVisible = 0;
			defaultConfigurationName = Release;
		};
		79F77A5E1B8700ED009EAE5B /* Build configuration list for PBXNativeTarget "ShadowExampleSwift" */ = {
			isa = XCConfigurationList;
			buildConfigurations = (
				79F77A5F1B8700ED009EAE5B /* Debug */,
				79F77A601B8700ED009EAE5B /* Release */,
			);
			defaultConfigurationIsVisible = 0;
			defaultConfigurationName = Release;
		};
		79F77A611B8700ED009EAE5B /* Build configuration list for PBXNativeTarget "ShadowExampleSwiftTests" */ = {
			isa = XCConfigurationList;
			buildConfigurations = (
				79F77A621B8700ED009EAE5B /* Debug */,
				79F77A631B8700ED009EAE5B /* Release */,
			);
			defaultConfigurationIsVisible = 0;
			defaultConfigurationName = Release;
		};
/* End XCConfigurationList section */
	};
	rootObject = 79F77A371B8700ED009EAE5B /* Project object */;
}
